
Microsoft Visual Studio Solution File, Format Version 12.00
# Visual Studio Version 17
VisualStudioVersion = 17.7.34202.233
MinimumVisualStudioVersion = 10.0.40219.1
Project("{FAE04EC0-301F-11D3-BF4B-00C04F79EFBC}") = "FirstWebApplication", "FirstWebApplication\FirstWebApplication.csproj", "{532783F1-76AD-412C-ADB0-816759BB913A}"
EndProject
Global
	GlobalSection(SolutionConfigurationPlatforms) = preSolution
		Debug|Any CPU = Debug|Any CPU
		Release|Any CPU = Release|Any CPU
	EndGlobalSection
	GlobalSection(ProjectConfigurationPlatforms) = postSolution
		{532783F1-76AD-412C-ADB0-816759BB913A}.Debug|Any CPU.ActiveCfg = Debug|Any CPU
		{532783F1-76AD-412C-ADB0-816759BB913A}.Debug|Any CPU.Build.0 = Debug|Any CPU
		{532783F1-76AD-412C-ADB0-816759BB913A}.Release|Any CPU.ActiveCfg = Release|Any CPU
		{532783F1-76AD-412C-ADB0-816759BB913A}.Release|Any CPU.Build.0 = Release|Any CPU
	EndGlobalSection
	GlobalSection(SolutionProperties) = preSolution
		HideSolutionNode = FALSE
	EndGlobalSection
	GlobalSection(ExtensibilityGlobals) = postSolution
		SolutionGuid = {D09C8B5E-8DDE-4F21-B470-8FAC54BBBA3C}
	EndGlobalSection
EndGlobal
